
Microsoft Visual Studio Solution File, Format Version 12.00
# Visual Studio Version 16
VisualStudioVersion = 16.0.29521.150
MinimumVisualStudioVersion = 10.0.40219.1
Project("{FAE04EC0-301F-11D3-BF4B-00C04F79EFBC}") = "SharpSpeech", "SharpSpeech\SharpSpeech.csproj", "{73267871-53B6-422D-869A-68BB2B644843}"
EndProject
Project("{FAE04EC0-301F-11D3-BF4B-00C04F79EFBC}") = "SharpSpeechTest", "SharpSpeechTest\SharpSpeechTest.csproj", "{9D9B1690-599B-407D-9BF5-FAC1C182B438}"
EndProject
Global
	GlobalSection(SolutionConfigurationPlatforms) = preSolution
		Debug|Any CPU = Debug|Any CPU
		Release|Any CPU = Release|Any CPU
	EndGlobalSection
	GlobalSection(ProjectConfigurationPlatforms) = postSolution
		{73267871-53B6-422D-869A-68BB2B644843}.Debug|Any CPU.ActiveCfg = Debug|Any CPU
		{73267871-53B6-422D-869A-68BB2B644843}.Debug|Any CPU.Build.0 = Debug|Any CPU
		{73267871-53B6-422D-869A-68BB2B644843}.Release|Any CPU.ActiveCfg = Debug|Any CPU
		{73267871-53B6-422D-869A-68BB2B644843}.Release|Any CPU.Build.0 = Debug|Any CPU
		{9D9B1690-599B-407D-9BF5-FAC1C182B438}.Debug|Any CPU.ActiveCfg = Debug|Any CPU
		{9D9B1690-599B-407D-9BF5-FAC1C182B438}.Debug|Any CPU.Build.0 = Debug|Any CPU
		{9D9B1690-599B-407D-9BF5-FAC1C182B438}.Release|Any CPU.ActiveCfg = Release|Any CPU
		{9D9B1690-599B-407D-9BF5-FAC1C182B438}.Release|Any CPU.Build.0 = Release|Any CPU
	EndGlobalSection
	GlobalSection(SolutionProperties) = preSolution
		HideSolutionNode = FALSE
	EndGlobalSection
	GlobalSection(ExtensibilityGlobals) = postSolution
		SolutionGuid = {8B2890C1-A71D-4703-9573-BEFBAB90EFB5}
	EndGlobalSection
EndGlobal
